
Microsoft Visual Studio Solution File, Format Version 12.00
# Visual Studio Version 17
VisualStudioVersion = 17.7.34031.279
MinimumVisualStudioVersion = 10.0.40219.1
Project("{FAE04EC0-301F-11D3-BF4B-00C04F79EFBC}") = "MatieAppExam", "MatieAppExam\MatieAppExam.csproj", "{7097157D-1D97-4242-AEDC-CD5B4A168AC3}"
EndProject
Global
	GlobalSection(SolutionConfigurationPlatforms) = preSolution
		Debug|Any CPU = Debug|Any CPU
		Release|Any CPU = Release|Any CPU
	EndGlobalSection
	GlobalSection(ProjectConfigurationPlatforms) = postSolution
		{7097157D-1D97-4242-AEDC-CD5B4A168AC3}.Debug|Any CPU.ActiveCfg = Debug|Any CPU
		{7097157D-1D97-4242-AEDC-CD5B4A168AC3}.Debug|Any CPU.Build.0 = Debug|Any CPU
		{7097157D-1D97-4242-AEDC-CD5B4A168AC3}.Release|Any CPU.ActiveCfg = Release|Any CPU
		{7097157D-1D97-4242-AEDC-CD5B4A168AC3}.Release|Any CPU.Build.0 = Release|Any CPU
	EndGlobalSection
	GlobalSection(SolutionProperties) = preSolution
		HideSolutionNode = FALSE
	EndGlobalSection
	GlobalSection(ExtensibilityGlobals) = postSolution
		SolutionGuid = {F55D8E0E-CACC-4C83-BEAA-FBBE8CE0C8D2}
	EndGlobalSection
EndGlobal
